
Microsoft Visual Studio Solution File, Format Version 12.00
# Visual Studio Version 17
VisualStudioVersion = 17.1.32210.238
MinimumVisualStudioVersion = 10.0.40219.1
Project("{9A19103F-16F7-4668-BE54-9A1E7A4F7556}") = "LightsOut.API", "LightsOut.API\LightsOut.API.csproj", "{D47975F8-AAA5-4901-8E22-220C1EEF2854}"
EndProject
Project("{9A19103F-16F7-4668-BE54-9A1E7A4F7556}") = "LightsOut.Services", "LightsOut.Services\LightsOut.Services.csproj", "{D01977D0-217F-42B7-9179-5D575A01D4A2}"
EndProject
Project("{9A19103F-16F7-4668-BE54-9A1E7A4F7556}") = "LightsOut.Web", "LightsOut.Web\LightsOut.Web.csproj", "{1A8C941E-0E66-4466-B882-FAD48B0D5045}"
EndProject
Project("{2150E333-8FDC-42A3-9474-1A3956D46DE8}") = "Test", "Test", "{7175728F-9A18-4866-96FC-43B3AAE17B27}"
EndProject
Project("{FAE04EC0-301F-11D3-BF4B-00C04F79EFBC}") = "LightsOut.Services.Tests", "LightsOut.Services.Tests\LightsOut.Services.Tests.csproj", "{9A3D1B92-CCEA-45D4-B7B0-AD26806EE432}"
EndProject
Global
	GlobalSection(SolutionConfigurationPlatforms) = preSolution
		Debug|Any CPU = Debug|Any CPU
		Release|Any CPU = Release|Any CPU
	EndGlobalSection
	GlobalSection(ProjectConfigurationPlatforms) = postSolution
		{D47975F8-AAA5-4901-8E22-220C1EEF2854}.Debug|Any CPU.ActiveCfg = Debug|Any CPU
		{D47975F8-AAA5-4901-8E22-220C1EEF2854}.Debug|Any CPU.Build.0 = Debug|Any CPU
		{D47975F8-AAA5-4901-8E22-220C1EEF2854}.Release|Any CPU.ActiveCfg = Release|Any CPU
		{D47975F8-AAA5-4901-8E22-220C1EEF2854}.Release|Any CPU.Build.0 = Release|Any CPU
		{D01977D0-217F-42B7-9179-5D575A01D4A2}.Debug|Any CPU.ActiveCfg = Debug|Any CPU
		{D01977D0-217F-42B7-9179-5D575A01D4A2}.Debug|Any CPU.Build.0 = Debug|Any CPU
		{D01977D0-217F-42B7-9179-5D575A01D4A2}.Release|Any CPU.ActiveCfg = Release|Any CPU
		{D01977D0-217F-42B7-9179-5D575A01D4A2}.Release|Any CPU.Build.0 = Release|Any CPU
		{1A8C941E-0E66-4466-B882-FAD48B0D5045}.Debug|Any CPU.ActiveCfg = Debug|Any CPU
		{1A8C941E-0E66-4466-B882-FAD48B0D5045}.Debug|Any CPU.Build.0 = Debug|Any CPU
		{1A8C941E-0E66-4466-B882-FAD48B0D5045}.Release|Any CPU.ActiveCfg = Release|Any CPU
		{1A8C941E-0E66-4466-B882-FAD48B0D5045}.Release|Any CPU.Build.0 = Release|Any CPU
		{9A3D1B92-CCEA-45D4-B7B0-AD26806EE432}.Debug|Any CPU.ActiveCfg = Debug|Any CPU
		{9A3D1B92-CCEA-45D4-B7B0-AD26806EE432}.Debug|Any CPU.Build.0 = Debug|Any CPU
		{9A3D1B92-CCEA-45D4-B7B0-AD26806EE432}.Release|Any CPU.ActiveCfg = Release|Any CPU
		{9A3D1B92-CCEA-45D4-B7B0-AD26806EE432}.Release|Any CPU.Build.0 = Release|Any CPU
	EndGlobalSection
	GlobalSection(SolutionProperties) = preSolution
		HideSolutionNode = FALSE
	EndGlobalSection
	GlobalSection(NestedProjects) = preSolution
		{9A3D1B92-CCEA-45D4-B7B0-AD26806EE432} = {7175728F-9A18-4866-96FC-43B3AAE17B27}
	EndGlobalSection
	GlobalSection(ExtensibilityGlobals) = postSolution
		SolutionGuid = {1BE346DA-414E-4F38-8EF1-9D22105D54AE}
	EndGlobalSection
EndGlobal
